
Microsoft Visual Studio Solution File, Format Version 12.00
# Visual Studio Version 16
VisualStudioVersion = 16.0.29123.88
MinimumVisualStudioVersion = 10.0.40219.1
Project("{8BC9CEB8-8B4A-11D0-8D11-00A0C91BC942}") = "TickTackToe", "TickTackToe\TickTackToe.vcxproj", "{E74DF6AD-F124-431C-A783-73FC8D85817F}"
EndProject
Project("{8BC9CEB8-8B4A-11D0-8D11-00A0C91BC942}") = "Tests", "Tests\Tests.vcxproj", "{3358D3D6-2ABD-4B44-9057-40E6A417D5DF}"
EndProject
Global
	GlobalSection(SolutionConfigurationPlatforms) = preSolution
		Debug|x64 = Debug|x64
		Debug|x86 = Debug|x86
		Release|x64 = Release|x64
		Release|x86 = Release|x86
	EndGlobalSection
	GlobalSection(ProjectConfigurationPlatforms) = postSolution
		{E74DF6AD-F124-431C-A783-73FC8D85817F}.Debug|x64.ActiveCfg = Debug|x64
		{E74DF6AD-F124-431C-A783-73FC8D85817F}.Debug|x64.Build.0 = Debug|x64
		{E74DF6AD-F124-431C-A783-73FC8D85817F}.Debug|x86.ActiveCfg = Debug|Win32
		{E74DF6AD-F124-431C-A783-73FC8D85817F}.Debug|x86.Build.0 = Debug|Win32
		{E74DF6AD-F124-431C-A783-73FC8D85817F}.Release|x64.ActiveCfg = Release|x64
		{E74DF6AD-F124-431C-A783-73FC8D85817F}.Release|x64.Build.0 = Release|x64
		{E74DF6AD-F124-431C-A783-73FC8D85817F}.Release|x86.ActiveCfg = Release|Win32
		{E74DF6AD-F124-431C-A783-73FC8D85817F}.Release|x86.Build.0 = Release|Win32
		{3358D3D6-2ABD-4B44-9057-40E6A417D5DF}.Debug|x64.ActiveCfg = Debug|x64
		{3358D3D6-2ABD-4B44-9057-40E6A417D5DF}.Debug|x64.Build.0 = Debug|x64
		{3358D3D6-2ABD-4B44-9057-40E6A417D5DF}.Debug|x86.ActiveCfg = Debug|Win32
		{3358D3D6-2ABD-4B44-9057-40E6A417D5DF}.Debug|x86.Build.0 = Debug|Win32
		{3358D3D6-2ABD-4B44-9057-40E6A417D5DF}.Release|x64.ActiveCfg = Release|x64
		{3358D3D6-2ABD-4B44-9057-40E6A417D5DF}.Release|x64.Build.0 = Release|x64
		{3358D3D6-2ABD-4B44-9057-40E6A417D5DF}.Release|x86.ActiveCfg = Release|Win32
		{3358D3D6-2ABD-4B44-9057-40E6A417D5DF}.Release|x86.Build.0 = Release|Win32
	EndGlobalSection
	GlobalSection(SolutionProperties) = preSolution
		HideSolutionNode = FALSE
	EndGlobalSection
	GlobalSection(ExtensibilityGlobals) = postSolution
		SolutionGuid = {FBA4E183-C54E-414C-A57F-F511EBA50990}
	EndGlobalSection
EndGlobal
